
Microsoft Visual Studio Solution File, Format Version 12.00
# Visual Studio Version 17
VisualStudioVersion = 17.0.31903.59
MinimumVisualStudioVersion = 10.0.40219.1
Project("{2150E333-8FDC-42A3-9474-1A3956D46DE8}") = "src", "src", "{827E0CD3-B72D-47B6-A68D-7590B98EB39B}"
EndProject
Project("{FAE04EC0-301F-11D3-BF4B-00C04F79EFBC}") = "Atria.Domain", "src\Atria.Domain\Atria.Domain.csproj", "{DDF5FA3F-D314-42D9-B042-94F60C86AECC}"
EndProject
Project("{FAE04EC0-301F-11D3-BF4B-00C04F79EFBC}") = "Atria.Application", "src\Atria.Application\Atria.Application.csproj", "{106B6C05-D47A-4616-A2F7-90FD40029B1C}"
EndProject
Project("{FAE04EC0-301F-11D3-BF4B-00C04F79EFBC}") = "Atria.Infrastructure", "src\Atria.Infrastructure\Atria.Infrastructure.csproj", "{72949E62-8957-4064-BCD8-D295BBA29AFE}"
EndProject
Project("{FAE04EC0-301F-11D3-BF4B-00C04F79EFBC}") = "Atria.Api", "src\Atria.Api\Atria.Api.csproj", "{57B6CD39-DC1C-4DE8-8903-BBC03FF9B37C}"
EndProject
Project("{FAE04EC0-301F-11D3-BF4B-00C04F79EFBC}") = "Atria.Domain.Tests", "tests\Atria.Domain.Tests\Atria.Domain.Tests.csproj", "{7FA5682E-D0BD-47AE-B578-5FE32AE35879}"
EndProject
Project("{FAE04EC0-301F-11D3-BF4B-00C04F79EFBC}") = "Atria.Application.Tests", "tests\Atria.Application.Tests\Atria.Application.Tests.csproj", "{55F64E97-76FC-47AB-8375-662B052D815B}"
EndProject
Project("{FAE04EC0-301F-11D3-BF4B-00C04F79EFBC}") = "Atria.Api.IntegrationTests", "tests\Atria.Api.IntegrationTests\Atria.Api.IntegrationTests.csproj", "{8FBF9DD7-9E4B-4B55-8794-3F2CF85A35BE}"
EndProject
Global
	GlobalSection(SolutionConfigurationPlatforms) = preSolution
		Debug|Any CPU = Debug|Any CPU
		Debug|x64 = Debug|x64
		Debug|x86 = Debug|x86
		Release|Any CPU = Release|Any CPU
		Release|x64 = Release|x64
		Release|x86 = Release|x86
	EndGlobalSection
	GlobalSection(ProjectConfigurationPlatforms) = postSolution
		{DDF5FA3F-D314-42D9-B042-94F60C86AECC}.Debug|Any CPU.ActiveCfg = Debug|Any CPU
		{DDF5FA3F-D314-42D9-B042-94F60C86AECC}.Debug|Any CPU.Build.0 = Debug|Any CPU
		{DDF5FA3F-D314-42D9-B042-94F60C86AECC}.Debug|x64.ActiveCfg = Debug|Any CPU
		{DDF5FA3F-D314-42D9-B042-94F60C86AECC}.Debug|x64.Build.0 = Debug|Any CPU
		{DDF5FA3F-D314-42D9-B042-94F60C86AECC}.Debug|x86.ActiveCfg = Debug|Any CPU
		{DDF5FA3F-D314-42D9-B042-94F60C86AECC}.Debug|x86.Build.0 = Debug|Any CPU
		{DDF5FA3F-D314-42D9-B042-94F60C86AECC}.Release|Any CPU.ActiveCfg = Release|Any CPU
		{DDF5FA3F-D314-42D9-B042-94F60C86AECC}.Release|Any CPU.Build.0 = Release|Any CPU
		{DDF5FA3F-D314-42D9-B042-94F60C86AECC}.Release|x64.ActiveCfg = Release|Any CPU
		{DDF5FA3F-D314-42D9-B042-94F60C86AECC}.Release|x64.Build.0 = Release|Any CPU
		{DDF5FA3F-D314-42D9-B042-94F60C86AECC}.Release|x86.ActiveCfg = Release|Any CPU
		{DDF5FA3F-D314-42D9-B042-94F60C86AECC}.Release|x86.Build.0 = Release|Any CPU
		{106B6C05-D47A-4616-A2F7-90FD40029B1C}.Debug|Any CPU.ActiveCfg = Debug|Any CPU
		{106B6C05-D47A-4616-A2F7-90FD40029B1C}.Debug|Any CPU.Build.0 = Debug|Any CPU
		{106B6C05-D47A-4616-A2F7-90FD40029B1C}.Debug|x64.ActiveCfg = Debug|Any CPU
		{106B6C05-D47A-4616-A2F7-90FD40029B1C}.Debug|x64.Build.0 = Debug|Any CPU
		{106B6C05-D47A-4616-A2F7-90FD40029B1C}.Debug|x86.ActiveCfg = Debug|Any CPU
		{106B6C05-D47A-4616-A2F7-90FD40029B1C}.Debug|x86.Build.0 = Debug|Any CPU
		{106B6C05-D47A-4616-A2F7-90FD40029B1C}.Release|Any CPU.ActiveCfg = Release|Any CPU
		{106B6C05-D47A-4616-A2F7-90FD40029B1C}.Release|Any CPU.Build.0 = Release|Any CPU
		{106B6C05-D47A-4616-A2F7-90FD40029B1C}.Release|x64.ActiveCfg = Release|Any CPU
		{106B6C05-D47A-4616-A2F7-90FD40029B1C}.Release|x64.Build.0 = Release|Any CPU
		{106B6C05-D47A-4616-A2F7-90FD40029B1C}.Release|x86.ActiveCfg = Release|Any CPU
		{106B6C05-D47A-4616-A2F7-90FD40029B1C}.Release|x86.Build.0 = Release|Any CPU
		{72949E62-8957-4064-BCD8-D295BBA29AFE}.Debug|Any CPU.ActiveCfg = Debug|Any CPU
		{72949E62-8957-4064-BCD8-D295BBA29AFE}.Debug|Any CPU.Build.0 = Debug|Any CPU
		{72949E62-8957-4064-BCD8-D295BBA29AFE}.Debug|x64.ActiveCfg = Debug|Any CPU
		{72949E62-8957-4064-BCD8-D295BBA29AFE}.Debug|x64.Build.0 = Debug|Any CPU
		{72949E62-8957-4064-BCD8-D295BBA29AFE}.Debug|x86.ActiveCfg = Debug|Any CPU
		{72949E62-8957-4064-BCD8-D295BBA29AFE}.Debug|x86.Build.0 = Debug|Any CPU
		{72949E62-8957-4064-BCD8-D295BBA29AFE}.Release|Any CPU.ActiveCfg = Release|Any CPU
		{72949E62-8957-4064-BCD8-D295BBA29AFE}.Release|Any CPU.Build.0 = Release|Any CPU
		{72949E62-8957-4064-BCD8-D295BBA29AFE}.Release|x64.ActiveCfg = Release|Any CPU
		{72949E62-8957-4064-BCD8-D295BBA29AFE}.Release|x64.Build.0 = Release|Any CPU
		{72949E62-8957-4064-BCD8-D295BBA29AFE}.Release|x86.ActiveCfg = Release|Any CPU
		{72949E62-8957-4064-BCD8-D295BBA29AFE}.Release|x86.Build.0 = Release|Any CPU
		{57B6CD39-DC1C-4DE8-8903-BBC03FF9B37C}.Debug|Any CPU.ActiveCfg = Debug|Any CPU
		{57B6CD39-DC1C-4DE8-8903-BBC03FF9B37C}.Debug|Any CPU.Build.0 = Debug|Any CPU
		{57B6CD39-DC1C-4DE8-8903-BBC03FF9B37C}.Debug|x64.ActiveCfg = Debug|Any CPU
		{57B6CD39-DC1C-4DE8-8903-BBC03FF9B37C}.Debug|x64.Build.0 = Debug|Any CPU
		{57B6CD39-DC1C-4DE8-8903-BBC03FF9B37C}.Debug|x86.ActiveCfg = Debug|Any CPU
		{57B6CD39-DC1C-4DE8-8903-BBC03FF9B37C}.Debug|x86.Build.0 = Debug|Any CPU
		{57B6CD39-DC1C-4DE8-8903-BBC03FF9B37C}.Release|Any CPU.ActiveCfg = Release|Any CPU
		{57B6CD39-DC1C-4DE8-8903-BBC03FF9B37C}.Release|Any CPU.Build.0 = Release|Any CPU
		{57B6CD39-DC1C-4DE8-8903-BBC03FF9B37C}.Release|x64.ActiveCfg = Release|Any CPU
		{57B6CD39-DC1C-4DE8-8903-BBC03FF9B37C}.Release|x64.Build.0 = Release|Any CPU
		{57B6CD39-DC1C-4DE8-8903-BBC03FF9B37C}.Release|x86.ActiveCfg = Release|Any CPU
		{57B6CD39-DC1C-4DE8-8903-BBC03FF9B37C}.Release|x86.Build.0 = Release|Any CPU
		{7FA5682E-D0BD-47AE-B578-5FE32AE35879}.Debug|Any CPU.ActiveCfg = Debug|Any CPU
		{7FA5682E-D0BD-47AE-B578-5FE32AE35879}.Debug|Any CPU.Build.0 = Debug|Any CPU
		{7FA5682E-D0BD-47AE-B578-5FE32AE35879}.Debug|x64.ActiveCfg = Debug|Any CPU
		{7FA5682E-D0BD-47AE-B578-5FE32AE35879}.Debug|x64.Build.0 = Debug|Any CPU
		{7FA5682E-D0BD-47AE-B578-5FE32AE35879}.Debug|x86.ActiveCfg = Debug|Any CPU
		{7FA5682E-D0BD-47AE-B578-5FE32AE35879}.Debug|x86.Build.0 = Debug|Any CPU
		{7FA5682E-D0BD-47AE-B578-5FE32AE35879}.Release|Any CPU.ActiveCfg = Release|Any CPU
		{7FA5682E-D0BD-47AE-B578-5FE32AE35879}.Release|Any CPU.Build.0 = Release|Any CPU
		{7FA5682E-D0BD-47AE-B578-5FE32AE35879}.Release|x64.ActiveCfg = Release|Any CPU
		{7FA5682E-D0BD-47AE-B578-5FE32AE35879}.Release|x64.Build.0 = Release|Any CPU
		{7FA5682E-D0BD-47AE-B578-5FE32AE35879}.Release|x86.ActiveCfg = Release|Any CPU
		{7FA5682E-D0BD-47AE-B578-5FE32AE35879}.Release|x86.Build.0 = Release|Any CPU
		{55F64E97-76FC-47AB-8375-662B052D815B}.Debug|Any CPU.ActiveCfg = Debug|Any CPU
		{55F64E97-76FC-47AB-8375-662B052D815B}.Debug|Any CPU.Build.0 = Debug|Any CPU
		{55F64E97-76FC-47AB-8375-662B052D815B}.Debug|x64.ActiveCfg = Debug|Any CPU
		{55F64E97-76FC-47AB-8375-662B052D815B}.Debug|x64.Build.0 = Debug|Any CPU
		{55F64E97-76FC-47AB-8375-662B052D815B}.Debug|x86.ActiveCfg = Debug|Any CPU
		{55F64E97-76FC-47AB-8375-662B052D815B}.Debug|x86.Build.0 = Debug|Any CPU
		{55F64E97-76FC-47AB-8375-662B052D815B}.Release|Any CPU.ActiveCfg = Release|Any CPU
		{55F64E97-76FC-47AB-8375-662B052D815B}.Release|Any CPU.Build.0 = Release|Any CPU
		{55F64E97-76FC-47AB-8375-662B052D815B}.Release|x64.ActiveCfg = Release|Any CPU
		{55F64E97-76FC-47AB-8375-662B052D815B}.Release|x64.Build.0 = Release|Any CPU
		{55F64E97-76FC-47AB-8375-662B052D815B}.Release|x86.ActiveCfg = Release|Any CPU
		{55F64E97-76FC-47AB-8375-662B052D815B}.Release|x86.Build.0 = Release|Any CPU
		{8FBF9DD7-9E4B-4B55-8794-3F2CF85A35BE}.Debug|Any CPU.ActiveCfg = Debug|Any CPU
		{8FBF9DD7-9E4B-4B55-8794-3F2CF85A35BE}.Debug|Any CPU.Build.0 = Debug|Any CPU
		{8FBF9DD7-9E4B-4B55-8794-3F2CF85A35BE}.Debug|x64.ActiveCfg = Debug|Any CPU
		{8FBF9DD7-9E4B-4B55-8794-3F2CF85A35BE}.Debug|x64.Build.0 = Debug|Any CPU
		{8FBF9DD7-9E4B-4B55-8794-3F2CF85A35BE}.Debug|x86.ActiveCfg = Debug|Any CPU
		{8FBF9DD7-9E4B-4B55-8794-3F2CF85A35BE}.Debug|x86.Build.0 = Debug|Any CPU
		{8FBF9DD7-9E4B-4B55-8794-3F2CF85A35BE}.Release|Any CPU.ActiveCfg = Release|Any CPU
		{8FBF9DD7-9E4B-4B55-8794-3F2CF85A35BE}.Release|Any CPU.Build.0 = Release|Any CPU
		{8FBF9DD7-9E4B-4B55-8794-3F2CF85A35BE}.Release|x64.ActiveCfg = Release|Any CPU
		{8FBF9DD7-9E4B-4B55-8794-3F2CF85A35BE}.Release|x64.Build.0 = Release|Any CPU
		{8FBF9DD7-9E4B-4B55-8794-3F2CF85A35BE}.Release|x86.ActiveCfg = Release|Any CPU
		{8FBF9DD7-9E4B-4B55-8794-3F2CF85A35BE}.Release|x86.Build.0 = Release|Any CPU
	EndGlobalSection
	GlobalSection(SolutionProperties) = preSolution
		HideSolutionNode = FALSE
	EndGlobalSection
	GlobalSection(NestedProjects) = preSolution
		{DDF5FA3F-D314-42D9-B042-94F60C86AECC} = {827E0CD3-B72D-47B6-A68D-7590B98EB39B}
		{106B6C05-D47A-4616-A2F7-90FD40029B1C} = {827E0CD3-B72D-47B6-A68D-7590B98EB39B}
		{72949E62-8957-4064-BCD8-D295BBA29AFE} = {827E0CD3-B72D-47B6-A68D-7590B98EB39B}
		{57B6CD39-DC1C-4DE8-8903-BBC03FF9B37C} = {827E0CD3-B72D-47B6-A68D-7590B98EB39B}
		{7FA5682E-D0BD-47AE-B578-5FE32AE35879} = {827E0CD3-B72D-47B6-A68D-7590B98EB39B}
		{55F64E97-76FC-47AB-8375-662B052D815B} = {827E0CD3-B72D-47B6-A68D-7590B98EB39B}
		{8FBF9DD7-9E4B-4B55-8794-3F2CF85A35BE} = {827E0CD3-B72D-47B6-A68D-7590B98EB39B}
	EndGlobalSection
EndGlobal
